// !$*UTF8*$!
{
	archiveVersion = 1;
	classes = {
	};
	objectVersion = 50;
	objects = {

/* Begin PBXBuildFile section */
		047E5410238ADD9200F147A7 /* Constants.swift in Sources */ = {isa = PBXBuildFile; fileRef = 0483DC0F2386DEB90088BFF8 /* Constants.swift */; };
		0483DBEE2386DA6C0088BFF8 /* AppDelegate.swift in Sources */ = {isa = PBXBuildFile; fileRef = 0483DBED2386DA6C0088BFF8 /* AppDelegate.swift */; };
		0483DBF22386DA6C0088BFF8 /* ViewController.swift in Sources */ = {isa = PBXBuildFile; fileRef = 0483DBF12386DA6C0088BFF8 /* ViewController.swift */; };
		0483DBF52386DA6C0088BFF8 /* Main.storyboard in Resources */ = {isa = PBXBuildFile; fileRef = 0483DBF32386DA6C0088BFF8 /* Main.storyboard */; };
		0483DBF72386DA6D0088BFF8 /* Assets.xcassets in Resources */ = {isa = PBXBuildFile; fileRef = 0483DBF62386DA6D0088BFF8 /* Assets.xcassets */; };
		0483DBFA2386DA6D0088BFF8 /* LaunchScreen.storyboard in Resources */ = {isa = PBXBuildFile; fileRef = 0483DBF82386DA6D0088BFF8 /* LaunchScreen.storyboard */; };
		0483DC052386DA6E0088BFF8 /* ClearScoreTestTests.swift in Sources */ = {isa = PBXBuildFile; fileRef = 0483DC042386DA6E0088BFF8 /* ClearScoreTestTests.swift */; };
		0483DC102386DEB90088BFF8 /* Constants.swift in Sources */ = {isa = PBXBuildFile; fileRef = 0483DC0F2386DEB90088BFF8 /* Constants.swift */; };
		0483DC132386DEE50088BFF8 /* CreditScore.swift in Sources */ = {isa = PBXBuildFile; fileRef = 0483DC122386DEE50088BFF8 /* CreditScore.swift */; };
		0483DC142386DEE50088BFF8 /* CreditScore.swift in Sources */ = {isa = PBXBuildFile; fileRef = 0483DC122386DEE50088BFF8 /* CreditScore.swift */; };
		0483DC162386DFBE0088BFF8 /* APIManager.swift in Sources */ = {isa = PBXBuildFile; fileRef = 0483DC152386DFBE0088BFF8 /* APIManager.swift */; };
		0483DC172386DFBE0088BFF8 /* APIManager.swift in Sources */ = {isa = PBXBuildFile; fileRef = 0483DC152386DFBE0088BFF8 /* APIManager.swift */; };
		04972A372389762F008BB8F7 /* CircleView.swift in Sources */ = {isa = PBXBuildFile; fileRef = 04972A362389762F008BB8F7 /* CircleView.swift */; };
		04972A3923897801008BB8F7 /* SceneDelegate.swift in Sources */ = {isa = PBXBuildFile; fileRef = 04972A3823897801008BB8F7 /* SceneDelegate.swift */; };
		04972A3C23899658008BB8F7 /* UIColor.swift in Sources */ = {isa = PBXBuildFile; fileRef = 04972A3B23899658008BB8F7 /* UIColor.swift */; };
		04BC252023884F3300B4B9E5 /* URLSession.swift in Sources */ = {isa = PBXBuildFile; fileRef = 04BC251F23884F3300B4B9E5 /* URLSession.swift */; };
		04BC252123884F3300B4B9E5 /* URLSession.swift in Sources */ = {isa = PBXBuildFile; fileRef = 04BC251F23884F3300B4B9E5 /* URLSession.swift */; };
/* End PBXBuildFile section */

/* Begin PBXContainerItemProxy section */
		0483DC012386DA6E0088BFF8 /* PBXContainerItemProxy */ = {
			isa = PBXContainerItemProxy;
			containerPortal = 0483DBE22386DA6C0088BFF8 /* Project object */;
			proxyType = 1;
			remoteGlobalIDString = 0483DBE92386DA6C0088BFF8;
			remoteInfo = ClearScoreTest;
		};
/* End PBXContainerItemProxy section */

/* Begin PBXFileReference section */
		0483DBEA2386DA6C0088BFF8 /* ClearScoreTest.app */ = {isa = PBXFileReference; explicitFileType = wrapper.application; includeInIndex = 0; path = ClearScoreTest.app; sourceTree = BUILT_PRODUCTS_DIR; };
		0483DBED2386DA6C0088BFF8 /* AppDelegate.swift */ = {isa = PBXFileReference; lastKnownFileType = sourcecode.swift; path = AppDelegate.swift; sourceTree = "<group>"; };
		0483DBF12386DA6C0088BFF8 /* ViewController.swift */ = {isa = PBXFileReference; lastKnownFileType = sourcecode.swift; path = ViewController.swift; sourceTree = "<group>"; };
		0483DBF42386DA6C0088BFF8 /* Base */ = {isa = PBXFileReference; lastKnownFileType = file.storyboard; name = Base; path = Base.lproj/Main.storyboard; sourceTree = "<group>"; };
		0483DBF62386DA6D0088BFF8 /* Assets.xcassets */ = {isa = PBXFileReference; lastKnownFileType = folder.assetcatalog; path = Assets.xcassets; sourceTree = "<group>"; };
		0483DBF92386DA6D0088BFF8 /* Base */ = {isa = PBXFileReference; lastKnownFileType = file.storyboard; name = Base; path = Base.lproj/LaunchScreen.storyboard; sourceTree = "<group>"; };
		0483DBFB2386DA6D0088BFF8 /* Info.plist */ = {isa = PBXFileReference; lastKnownFileType = text.plist.xml; path = Info.plist; sourceTree = "<group>"; };
		0483DC002386DA6E0088BFF8 /* ClearScoreTestTests.xctest */ = {isa = PBXFileReference; explicitFileType = wrapper.cfbundle; includeInIndex = 0; path = ClearScoreTestTests.xctest; sourceTree = BUILT_PRODUCTS_DIR; };
		0483DC042386DA6E0088BFF8 /* ClearScoreTestTests.swift */ = {isa = PBXFileReference; lastKnownFileType = sourcecode.swift; path = ClearScoreTestTests.swift; sourceTree = "<group>"; };
		0483DC062386DA6E0088BFF8 /* Info.plist */ = {isa = PBXFileReference; lastKnownFileType = text.plist.xml; path = Info.plist; sourceTree = "<group>"; };
		0483DC0F2386DEB90088BFF8 /* Constants.swift */ = {isa = PBXFileReference; lastKnownFileType = sourcecode.swift; path = Constants.swift; sourceTree = "<group>"; };
		0483DC122386DEE50088BFF8 /* CreditScore.swift */ = {isa = PBXFileReference; lastKnownFileType = sourcecode.swift; path = CreditScore.swift; sourceTree = "<group>"; };
		0483DC152386DFBE0088BFF8 /* APIManager.swift */ = {isa = PBXFileReference; lastKnownFileType = sourcecode.swift; path = APIManager.swift; sourceTree = "<group>"; };
		04972A362389762F008BB8F7 /* CircleView.swift */ = {isa = PBXFileReference; lastKnownFileType = sourcecode.swift; path = CircleView.swift; sourceTree = "<group>"; };
		04972A3823897801008BB8F7 /* SceneDelegate.swift */ = {isa = PBXFileReference; fileEncoding = 4; lastKnownFileType = sourcecode.swift; path = SceneDelegate.swift; sourceTree = "<group>"; };
		04972A3B23899658008BB8F7 /* UIColor.swift */ = {isa = PBXFileReference; lastKnownFileType = sourcecode.swift; path = UIColor.swift; sourceTree = "<group>"; };
		04BC251F23884F3300B4B9E5 /* URLSession.swift */ = {isa = PBXFileReference; lastKnownFileType = sourcecode.swift; path = URLSession.swift; sourceTree = "<group>"; };
/* End PBXFileReference section */

/* Begin PBXFrameworksBuildPhase section */
		0483DBE72386DA6C0088BFF8 /* Frameworks */ = {
			isa = PBXFrameworksBuildPhase;
			buildActionMask = 2147483647;
			files = (
			);
			runOnlyForDeploymentPostprocessing = 0;
		};
		0483DBFD2386DA6E0088BFF8 /* Frameworks */ = {
			isa = PBXFrameworksBuildPhase;
			buildActionMask = 2147483647;
			files = (
			);
			runOnlyForDeploymentPostprocessing = 0;
		};
/* End PBXFrameworksBuildPhase section */

/* Begin PBXGroup section */
		0483DBE12386DA6C0088BFF8 = {
			isa = PBXGroup;
			children = (
				0483DBEC2386DA6C0088BFF8 /* ClearScoreTest */,
				0483DC032386DA6E0088BFF8 /* ClearScoreTestTests */,
				0483DBEB2386DA6C0088BFF8 /* Products */,
			);
			sourceTree = "<group>";
		};
		0483DBEB2386DA6C0088BFF8 /* Products */ = {
			isa = PBXGroup;
			children = (
				0483DBEA2386DA6C0088BFF8 /* ClearScoreTest.app */,
				0483DC002386DA6E0088BFF8 /* ClearScoreTestTests.xctest */,
			);
			name = Products;
			sourceTree = "<group>";
		};
		0483DBEC2386DA6C0088BFF8 /* ClearScoreTest */ = {
			isa = PBXGroup;
			children = (
				04BC251E23884EE200B4B9E5 /* Utilities */,
				04BC251D23884ECF00B4B9E5 /* Extensions */,
				04BC251C23884EBE00B4B9E5 /* Models */,
				04972A3A238979CC008BB8F7 /* Custom Controls */,
				0483DC0F2386DEB90088BFF8 /* Constants.swift */,
				0483DBED2386DA6C0088BFF8 /* AppDelegate.swift */,
				04972A3823897801008BB8F7 /* SceneDelegate.swift */,
				0483DBF12386DA6C0088BFF8 /* ViewController.swift */,
				0483DBF32386DA6C0088BFF8 /* Main.storyboard */,
				0483DBF82386DA6D0088BFF8 /* LaunchScreen.storyboard */,
				0483DBF62386DA6D0088BFF8 /* Assets.xcassets */,
				0483DBFB2386DA6D0088BFF8 /* Info.plist */,
			);
			path = ClearScoreTest;
			sourceTree = "<group>";
		};
		0483DC032386DA6E0088BFF8 /* ClearScoreTestTests */ = {
			isa = PBXGroup;
			children = (
				0483DC042386DA6E0088BFF8 /* ClearScoreTestTests.swift */,
				0483DC062386DA6E0088BFF8 /* Info.plist */,
			);
			path = ClearScoreTestTests;
			sourceTree = "<group>";
		};
		04972A3A238979CC008BB8F7 /* Custom Controls */ = {
			isa = PBXGroup;
			children = (
				04972A362389762F008BB8F7 /* CircleView.swift */,
			);
			path = "Custom Controls";
			sourceTree = "<group>";
		};
		04BC251C23884EBE00B4B9E5 /* Models */ = {
			isa = PBXGroup;
			children = (
				0483DC122386DEE50088BFF8 /* CreditScore.swift */,
			);
			path = Models;
			sourceTree = "<group>";
		};
		04BC251D23884ECF00B4B9E5 /* Extensions */ = {
			isa = PBXGroup;
			children = (
				04BC251F23884F3300B4B9E5 /* URLSession.swift */,
				04972A3B23899658008BB8F7 /* UIColor.swift */,
			);
			path = Extensions;
			sourceTree = "<group>";
		};
		04BC251E23884EE200B4B9E5 /* Utilities */ = {
			isa = PBXGroup;
			children = (
				0483DC152386DFBE0088BFF8 /* APIManager.swift */,
			);
			path = Utilities;
			sourceTree = "<group>";
		};
/* End PBXGroup section */

/* Begin PBXNativeTarget section */
		0483DBE92386DA6C0088BFF8 /* ClearScoreTest */ = {
			isa = PBXNativeTarget;
			buildConfigurationList = 0483DC092386DA6E0088BFF8 /* Build configuration list for PBXNativeTarget "ClearScoreTest" */;
			buildPhases = (
				0483DBE62386DA6C0088BFF8 /* Sources */,
				0483DBE72386DA6C0088BFF8 /* Frameworks */,
				0483DBE82386DA6C0088BFF8 /* Resources */,
			);
			buildRules = (
			);
			dependencies = (
			);
			name = ClearScoreTest;
			productName = ClearScoreTest;
			productReference = 0483DBEA2386DA6C0088BFF8 /* ClearScoreTest.app */;
			productType = "com.apple.product-type.application";
		};
		0483DBFF2386DA6E0088BFF8 /* ClearScoreTestTests */ = {
			isa = PBXNativeTarget;
			buildConfigurationList = 0483DC0C2386DA6E0088BFF8 /* Build configuration list for PBXNativeTarget "ClearScoreTestTests" */;
			buildPhases = (
				0483DBFC2386DA6E0088BFF8 /* Sources */,
				0483DBFD2386DA6E0088BFF8 /* Frameworks */,
				0483DBFE2386DA6E0088BFF8 /* Resources */,
			);
			buildRules = (
			);
			dependencies = (
				0483DC022386DA6E0088BFF8 /* PBXTargetDependency */,
			);
			name = ClearScoreTestTests;
			productName = ClearScoreTestTests;
			productReference = 0483DC002386DA6E0088BFF8 /* ClearScoreTestTests.xctest */;
			productType = "com.apple.product-type.bundle.unit-test";
		};
/* End PBXNativeTarget section */

/* Begin PBXProject section */
		0483DBE22386DA6C0088BFF8 /* Project object */ = {
			isa = PBXProject;
			attributes = {
				LastSwiftUpdateCheck = 1120;
				LastUpgradeCheck = 1120;
				ORGANIZATIONNAME = Orderin;
				TargetAttributes = {
					0483DBE92386DA6C0088BFF8 = {
						CreatedOnToolsVersion = 11.2.1;
					};
					0483DBFF2386DA6E0088BFF8 = {
						CreatedOnToolsVersion = 11.2.1;
						TestTargetID = 0483DBE92386DA6C0088BFF8;
					};
				};
			};
			buildConfigurationList = 0483DBE52386DA6C0088BFF8 /* Build configuration list for PBXProject "ClearScoreTest" */;
			compatibilityVersion = "Xcode 9.3";
			developmentRegion = en;
			hasScannedForEncodings = 0;
			knownRegions = (
				en,
				Base,
			);
			mainGroup = 0483DBE12386DA6C0088BFF8;
			productRefGroup = 0483DBEB2386DA6C0088BFF8 /* Products */;
			projectDirPath = "";
			projectRoot = "";
			targets = (
				0483DBE92386DA6C0088BFF8 /* ClearScoreTest */,
				0483DBFF2386DA6E0088BFF8 /* ClearScoreTestTests */,
			);
		};
/* End PBXProject section */

/* Begin PBXResourcesBuildPhase section */
		0483DBE82386DA6C0088BFF8 /* Resources */ = {
			isa = PBXResourcesBuildPhase;
			buildActionMask = 2147483647;
			files = (
				0483DBFA2386DA6D0088BFF8 /* LaunchScreen.storyboard in Resources */,
				0483DBF72386DA6D0088BFF8 /* Assets.xcassets in Resources */,
				0483DBF52386DA6C0088BFF8 /* Main.storyboard in Resources */,
			);
			runOnlyForDeploymentPostprocessing = 0;
		};
		0483DBFE2386DA6E0088BFF8 /* Resources */ = {
			isa = PBXResourcesBuildPhase;
			buildActionMask = 2147483647;
			files = (
			);
			runOnlyForDeploymentPostprocessing = 0;
		};
/* End PBXResourcesBuildPhase section */

/* Begin PBXSourcesBuildPhase section */
		0483DBE62386DA6C0088BFF8 /* Sources */ = {
			isa = PBXSourcesBuildPhase;
			buildActionMask = 2147483647;
			files = (
				04972A372389762F008BB8F7 /* CircleView.swift in Sources */,
				0483DC162386DFBE0088BFF8 /* APIManager.swift in Sources */,
				04BC252023884F3300B4B9E5 /* URLSession.swift in Sources */,
				0483DBF22386DA6C0088BFF8 /* ViewController.swift in Sources */,
				04972A3C23899658008BB8F7 /* UIColor.swift in Sources */,
				0483DBEE2386DA6C0088BFF8 /* AppDelegate.swift in Sources */,
				0483DC132386DEE50088BFF8 /* CreditScore.swift in Sources */,
				0483DC102386DEB90088BFF8 /* Constants.swift in Sources */,
				04972A3923897801008BB8F7 /* SceneDelegate.swift in Sources */,
			);
			runOnlyForDeploymentPostprocessing = 0;
		};
		0483DBFC2386DA6E0088BFF8 /* Sources */ = {
			isa = PBXSourcesBuildPhase;
			buildActionMask = 2147483647;
			files = (
				047E5410238ADD9200F147A7 /* Constants.swift in Sources */,
				0483DC172386DFBE0088BFF8 /* APIManager.swift in Sources */,
				0483DC052386DA6E0088BFF8 /* ClearScoreTestTests.swift in Sources */,
				04BC252123884F3300B4B9E5 /* URLSession.swift in Sources */,
				0483DC142386DEE50088BFF8 /* CreditScore.swift in Sources */,
			);
			runOnlyForDeploymentPostprocessing = 0;
		};
/* End PBXSourcesBuildPhase section */

/* Begin PBXTargetDependency section */
		0483DC022386DA6E0088BFF8 /* PBXTargetDependency */ = {
			isa = PBXTargetDependency;
			target = 0483DBE92386DA6C0088BFF8 /* ClearScoreTest */;
			targetProxy = 0483DC012386DA6E0088BFF8 /* PBXContainerItemProxy */;
		};
/* End PBXTargetDependency section */

/* Begin PBXVariantGroup section */
		0483DBF32386DA6C0088BFF8 /* Main.storyboard */ = {
			isa = PBXVariantGroup;
			children = (
				0483DBF42386DA6C0088BFF8 /* Base */,
			);
			name = Main.storyboard;
			sourceTree = "<group>";
		};
		0483DBF82386DA6D0088BFF8 /* LaunchScreen.storyboard */ = {
			isa = PBXVariantGroup;
			children = (
				0483DBF92386DA6D0088BFF8 /* Base */,
			);
			name = LaunchScreen.storyboard;
			sourceTree = "<group>";
		};
/* End PBXVariantGroup section */

/* Begin XCBuildConfiguration section */
		0483DC072386DA6E0088BFF8 /* Debug */ = {
			isa = XCBuildConfiguration;
			buildSettings = {
				ALWAYS_SEARCH_USER_PATHS = NO;
				CLANG_ANALYZER_NONNULL = YES;
				CLANG_ANALYZER_NUMBER_OBJECT_CONVERSION = YES_AGGRESSIVE;
				CLANG_CXX_LANGUAGE_STANDARD = "gnu++14";
				CLANG_CXX_LIBRARY = "libc++";
				CLANG_ENABLE_MODULES = YES;
				CLANG_ENABLE_OBJC_ARC = YES;
				CLANG_ENABLE_OBJC_WEAK = YES;
				CLANG_WARN_BLOCK_CAPTURE_AUTORELEASING = YES;
				CLANG_WARN_BOOL_CONVERSION = YES;
				CLANG_WARN_COMMA = YES;
				CLANG_WARN_CONSTANT_CONVERSION = YES;
				CLANG_WARN_DEPRECATED_OBJC_IMPLEMENTATIONS = YES;
				CLANG_WARN_DIRECT_OBJC_ISA_USAGE = YES_ERROR;
				CLANG_WARN_DOCUMENTATION_COMMENTS = YES;
				CLANG_WARN_EMPTY_BODY = YES;
				CLANG_WARN_ENUM_CONVERSION = YES;
				CLANG_WARN_INFINITE_RECURSION = YES;
				CLANG_WARN_INT_CONVERSION = YES;
				CLANG_WARN_NON_LITERAL_NULL_CONVERSION = YES;
				CLANG_WARN_OBJC_IMPLICIT_RETAIN_SELF = YES;
				CLANG_WARN_OBJC_LITERAL_CONVERSION = YES;
				CLANG_WARN_OBJC_ROOT_CLASS = YES_ERROR;
				CLANG_WARN_RANGE_LOOP_ANALYSIS = YES;
				CLANG_WARN_STRICT_PROTOTYPES = YES;
				CLANG_WARN_SUSPICIOUS_MOVE = YES;
				CLANG_WARN_UNGUARDED_AVAILABILITY = YES_AGGRESSIVE;
				CLANG_WARN_UNREACHABLE_CODE = YES;
				CLANG_WARN__DUPLICATE_METHOD_MATCH = YES;
				COPY_PHASE_STRIP = NO;
				DEBUG_INFORMATION_FORMAT = dwarf;
				ENABLE_STRICT_OBJC_MSGSEND = YES;
				ENABLE_TESTABILITY = YES;
				GCC_C_LANGUAGE_STANDARD = gnu11;
				GCC_DYNAMIC_NO_PIC = NO;
				GCC_NO_COMMON_BLOCKS = YES;
				GCC_OPTIMIZATION_LEVEL = 0;
				GCC_PREPROCESSOR_DEFINITIONS = (
					"DEBUG=1",
					"$(inherited)",
				);
				GCC_WARN_64_TO_32_BIT_CONVERSION = YES;
				GCC_WARN_ABOUT_RETURN_TYPE = YES_ERROR;
				GCC_WARN_UNDECLARED_SELECTOR = YES;
				GCC_WARN_UNINITIALIZED_AUTOS = YES_AGGRESSIVE;
				GCC_WARN_UNUSED_FUNCTION = YES;
				GCC_WARN_UNUSED_VARIABLE = YES;
				IPHONEOS_DEPLOYMENT_TARGET = 13.2;
				MTL_ENABLE_DEBUG_INFO = INCLUDE_SOURCE;
				MTL_FAST_MATH = YES;
				ONLY_ACTIVE_ARCH = YES;
				SDKROOT = iphoneos;
				SWIFT_ACTIVE_COMPILATION_CONDITIONS = DEBUG;
				SWIFT_OPTIMIZATION_LEVEL = "-Onone";
			};
			name = Debug;
		};
		0483DC082386DA6E0088BFF8 /* Release */ = {
			isa = XCBuildConfiguration;
			buildSettings = {
				ALWAYS_SEARCH_USER_PATHS = NO;
				CLANG_ANALYZER_NONNULL = YES;
				CLANG_ANALYZER_NUMBER_OBJECT_CONVERSION = YES_AGGRESSIVE;
				CLANG_CXX_LANGUAGE_STANDARD = "gnu++14";
				CLANG_CXX_LIBRARY = "libc++";
				CLANG_ENABLE_MODULES = YES;
				CLANG_ENABLE_OBJC_ARC = YES;
				CLANG_ENABLE_OBJC_WEAK = YES;
				CLANG_WARN_BLOCK_CAPTURE_AUTORELEASING = YES;
				CLANG_WARN_BOOL_CONVERSION = YES;
				CLANG_WARN_COMMA = YES;
				CLANG_WARN_CONSTANT_CONVERSION = YES;
				CLANG_WARN_DEPRECATED_OBJC_IMPLEMENTATIONS = YES;
				CLANG_WARN_DIRECT_OBJC_ISA_USAGE = YES_ERROR;
				CLANG_WARN_DOCUMENTATION_COMMENTS = YES;
				CLANG_WARN_EMPTY_BODY = YES;
				CLANG_WARN_ENUM_CONVERSION = YES;
				CLANG_WARN_INFINITE_RECURSION = YES;
				CLANG_WARN_INT_CONVERSION = YES;
				CLANG_WARN_NON_LITERAL_NULL_CONVERSION = YES;
				CLANG_WARN_OBJC_IMPLICIT_RETAIN_SELF = YES;
				CLANG_WARN_OBJC_LITERAL_CONVERSION = YES;
				CLANG_WARN_OBJC_ROOT_CLASS = YES_ERROR;
				CLANG_WARN_RANGE_LOOP_ANALYSIS = YES;
				CLANG_WARN_STRICT_PROTOTYPES = YES;
				CLANG_WARN_SUSPICIOUS_MOVE = YES;
				CLANG_WARN_UNGUARDED_AVAILABILITY = YES_AGGRESSIVE;
				CLANG_WARN_UNREACHABLE_CODE = YES;
				CLANG_WARN__DUPLICATE_METHOD_MATCH = YES;
				COPY_PHASE_STRIP = NO;
				DEBUG_INFORMATION_FORMAT = "dwarf-with-dsym";
				ENABLE_NS_ASSERTIONS = NO;
				ENABLE_STRICT_OBJC_MSGSEND = YES;
				GCC_C_LANGUAGE_STANDARD = gnu11;
				GCC_NO_COMMON_BLOCKS = YES;
				GCC_WARN_64_TO_32_BIT_CONVERSION = YES;
				GCC_WARN_ABOUT_RETURN_TYPE = YES_ERROR;
				GCC_WARN_UNDECLARED_SELECTOR = YES;
				GCC_WARN_UNINITIALIZED_AUTOS = YES_AGGRESSIVE;
				GCC_WARN_UNUSED_FUNCTION = YES;
				GCC_WARN_UNUSED_VARIABLE = YES;
				IPHONEOS_DEPLOYMENT_TARGET = 13.2;
				MTL_ENABLE_DEBUG_INFO = NO;
				MTL_FAST_MATH = YES;
				SDKROOT = iphoneos;
				SWIFT_COMPILATION_MODE = wholemodule;
				SWIFT_OPTIMIZATION_LEVEL = "-O";
				VALIDATE_PRODUCT = YES;
			};
			name = Release;
		};
		0483DC0A2386DA6E0088BFF8 /* Debug */ = {
			isa = XCBuildConfiguration;
			buildSettings = {
				ASSETCATALOG_COMPILER_APPICON_NAME = AppIcon;
				CODE_SIGN_STYLE = Automatic;
				DEVELOPMENT_TEAM = 38A2C28VGS;
				INFOPLIST_FILE = ClearScoreTest/Info.plist;
				LD_RUNPATH_SEARCH_PATHS = (
					"$(inherited)",
					"@executable_path/Frameworks",
				);
				PRODUCT_BUNDLE_IDENTIFIER = "com.rogue-works.ClearScoreTest";
				PRODUCT_NAME = "$(TARGET_NAME)";
				SWIFT_VERSION = 5.0;
				TARGETED_DEVICE_FAMILY = 1;
			};
			name = Debug;
		};
		0483DC0B2386DA6E0088BFF8 /* Release */ = {
			isa = XCBuildConfiguration;
			buildSettings = {
				ASSETCATALOG_COMPILER_APPICON_NAME = AppIcon;
				CODE_SIGN_STYLE = Automatic;
				DEVELOPMENT_TEAM = 38A2C28VGS;
				INFOPLIST_FILE = ClearScoreTest/Info.plist;
				LD_RUNPATH_SEARCH_PATHS = (
					"$(inherited)",
					"@executable_path/Frameworks",
				);
				PRODUCT_BUNDLE_IDENTIFIER = "com.rogue-works.ClearScoreTest";
				PRODUCT_NAME = "$(TARGET_NAME)";
				SWIFT_VERSION = 5.0;
				TARGETED_DEVICE_FAMILY = 1;
			};
			name = Release;
		};
		0483DC0D2386DA6E0088BFF8 /* Debug */ = {
			isa = XCBuildConfiguration;
			buildSettings = {
				ALWAYS_EMBED_SWIFT_STANDARD_LIBRARIES = YES;
				BUNDLE_LOADER = "$(TEST_HOST)";
				CODE_SIGN_STYLE = Automatic;
				DEVELOPMENT_TEAM = 38A2C28VGS;
				INFOPLIST_FILE = ClearScoreTestTests/Info.plist;
				IPHONEOS_DEPLOYMENT_TARGET = 13.2;
				LD_RUNPATH_SEARCH_PATHS = (
					"$(inherited)",
					"@executable_path/Frameworks",
					"@loader_path/Frameworks",
				);
				PRODUCT_BUNDLE_IDENTIFIER = "com.rogue-works.ClearScoreTestTests";
				PRODUCT_NAME = "$(TARGET_NAME)";
				SWIFT_VERSION = 5.0;
				TARGETED_DEVICE_FAMILY = "1,2";
				TEST_HOST = "$(BUILT_PRODUCTS_DIR)/ClearScoreTest.app/ClearScoreTest";
			};
			name = Debug;
		};
		0483DC0E2386DA6E0088BFF8 /* Release */ = {
			isa = XCBuildConfiguration;
			buildSettings = {
				ALWAYS_EMBED_SWIFT_STANDARD_LIBRARIES = YES;
				BUNDLE_LOADER = "$(TEST_HOST)";
				CODE_SIGN_STYLE = Automatic;
				DEVELOPMENT_TEAM = 38A2C28VGS;
				INFOPLIST_FILE = ClearScoreTestTests/Info.plist;
				IPHONEOS_DEPLOYMENT_TARGET = 13.2;
				LD_RUNPATH_SEARCH_PATHS = (
					"$(inherited)",
					"@executable_path/Frameworks",
					"@loader_path/Frameworks",
				);
				PRODUCT_BUNDLE_IDENTIFIER = "com.rogue-works.ClearScoreTestTests";
				PRODUCT_NAME = "$(TARGET_NAME)";
				SWIFT_VERSION = 5.0;
				TARGETED_DEVICE_FAMILY = "1,2";
				TEST_HOST = "$(BUILT_PRODUCTS_DIR)/ClearScoreTest.app/ClearScoreTest";
			};
			name = Release;
		};
/* End XCBuildConfiguration section */

/* Begin XCConfigurationList section */
		0483DBE52386DA6C0088BFF8 /* Build configuration list for PBXProject "ClearScoreTest" */ = {
			isa = XCConfigurationList;
			buildConfigurations = (
				0483DC072386DA6E0088BFF8 /* Debug */,
				0483DC082386DA6E0088BFF8 /* Release */,
			);
			defaultConfigurationIsVisible = 0;
			defaultConfigurationName = Release;
		};
		0483DC092386DA6E0088BFF8 /* Build configuration list for PBXNativeTarget "ClearScoreTest" */ = {
			isa = XCConfigurationList;
			buildConfigurations = (
				0483DC0A2386DA6E0088BFF8 /* Debug */,
				0483DC0B2386DA6E0088BFF8 /* Release */,
			);
			defaultConfigurationIsVisible = 0;
			defaultConfigurationName = Release;
		};
		0483DC0C2386DA6E0088BFF8 /* Build configuration list for PBXNativeTarget "ClearScoreTestTests" */ = {
			isa = XCConfigurationList;
			buildConfigurations = (
				0483DC0D2386DA6E0088BFF8 /* Debug */,
				0483DC0E2386DA6E0088BFF8 /* Release */,
			);
			defaultConfigurationIsVisible = 0;
			defaultConfigurationName = Release;
		};
/* End XCConfigurationList section */
	};
	rootObject = 0483DBE22386DA6C0088BFF8 /* Project object */;
}
